// !$*UTF8*$!
{
	archiveVersion = 1;
	classes = {
	};
	objectVersion = 46;
	objects = {

/* Begin PBXBuildFile section */
		817508E91B4DEB8C000FE658 /* AppDelegate.swift in Sources */ = {isa = PBXBuildFile; fileRef = 817508E81B4DEB8C000FE658 /* AppDelegate.swift */; };
		817508EB1B4DEB8C000FE658 /* ViewController.swift in Sources */ = {isa = PBXBuildFile; fileRef = 817508EA1B4DEB8C000FE658 /* ViewController.swift */; };
		817508EE1B4DEB8C000FE658 /* Main.storyboard in Resources */ = {isa = PBXBuildFile; fileRef = 817508EC1B4DEB8C000FE658 /* Main.storyboard */; };
		817508F01B4DEB8C000FE658 /* Images.xcassets in Resources */ = {isa = PBXBuildFile; fileRef = 817508EF1B4DEB8C000FE658 /* Images.xcassets */; };
		817508F31B4DEB8C000FE658 /* LaunchScreen.xib in Resources */ = {isa = PBXBuildFile; fileRef = 817508F11B4DEB8C000FE658 /* LaunchScreen.xib */; };
		817508FF1B4DEB8C000FE658 /* lesson11_notificationsTests.swift in Sources */ = {isa = PBXBuildFile; fileRef = 817508FE1B4DEB8C000FE658 /* lesson11_notificationsTests.swift */; };
		817509091B4DEBB5000FE658 /* radioViewController.swift in Sources */ = {isa = PBXBuildFile; fileRef = 817509081B4DEBB5000FE658 /* radioViewController.swift */; };
/* End PBXBuildFile section */

/* Begin PBXContainerItemProxy section */
		817508F91B4DEB8C000FE658 /* PBXContainerItemProxy */ = {
			isa = PBXContainerItemProxy;
			containerPortal = 817508DB1B4DEB8B000FE658 /* Project object */;
			proxyType = 1;
			remoteGlobalIDString = 817508E21B4DEB8C000FE658;
			remoteInfo = lesson11_notifications;
		};
/* End PBXContainerItemProxy section */

/* Begin PBXFileReference section */
		817508E31B4DEB8C000FE658 /* lesson11_notifications.app */ = {isa = PBXFileReference; explicitFileType = wrapper.application; includeInIndex = 0; path = lesson11_notifications.app; sourceTree = BUILT_PRODUCTS_DIR; };
		817508E71B4DEB8C000FE658 /* Info.plist */ = {isa = PBXFileReference; lastKnownFileType = text.plist.xml; path = Info.plist; sourceTree = "<group>"; };
		817508E81B4DEB8C000FE658 /* AppDelegate.swift */ = {isa = PBXFileReference; lastKnownFileType = sourcecode.swift; path = AppDelegate.swift; sourceTree = "<group>"; };
		817508EA1B4DEB8C000FE658 /* ViewController.swift */ = {isa = PBXFileReference; lastKnownFileType = sourcecode.swift; path = ViewController.swift; sourceTree = "<group>"; };
		817508ED1B4DEB8C000FE658 /* Base */ = {isa = PBXFileReference; lastKnownFileType = file.storyboard; name = Base; path = Base.lproj/Main.storyboard; sourceTree = "<group>"; };
		817508EF1B4DEB8C000FE658 /* Images.xcassets */ = {isa = PBXFileReference; lastKnownFileType = folder.assetcatalog; path = Images.xcassets; sourceTree = "<group>"; };
		817508F21B4DEB8C000FE658 /* Base */ = {isa = PBXFileReference; lastKnownFileType = file.xib; name = Base; path = Base.lproj/LaunchScreen.xib; sourceTree = "<group>"; };
		817508F81B4DEB8C000FE658 /* lesson11_notificationsTests.xctest */ = {isa = PBXFileReference; explicitFileType = wrapper.cfbundle; includeInIndex = 0; path = lesson11_notificationsTests.xctest; sourceTree = BUILT_PRODUCTS_DIR; };
		817508FD1B4DEB8C000FE658 /* Info.plist */ = {isa = PBXFileReference; lastKnownFileType = text.plist.xml; path = Info.plist; sourceTree = "<group>"; };
		817508FE1B4DEB8C000FE658 /* lesson11_notificationsTests.swift */ = {isa = PBXFileReference; lastKnownFileType = sourcecode.swift; path = lesson11_notificationsTests.swift; sourceTree = "<group>"; };
		817509081B4DEBB5000FE658 /* radioViewController.swift */ = {isa = PBXFileReference; fileEncoding = 4; lastKnownFileType = sourcecode.swift; path = radioViewController.swift; sourceTree = "<group>"; };
/* End PBXFileReference section */

/* Begin PBXFrameworksBuildPhase section */
		817508E01B4DEB8C000FE658 /* Frameworks */ = {
			isa = PBXFrameworksBuildPhase;
			buildActionMask = 2147483647;
			files = (
			);
			runOnlyForDeploymentPostprocessing = 0;
		};
		817508F51B4DEB8C000FE658 /* Frameworks */ = {
			isa = PBXFrameworksBuildPhase;
			buildActionMask = 2147483647;
			files = (
			);
			runOnlyForDeploymentPostprocessing = 0;
		};
/* End PBXFrameworksBuildPhase section */

/* Begin PBXGroup section */
		817508DA1B4DEB8B000FE658 = {
			isa = PBXGroup;
			children = (
				817508E51B4DEB8C000FE658 /* lesson11_notifications */,
				817508FB1B4DEB8C000FE658 /* lesson11_notificationsTests */,
				817508E41B4DEB8C000FE658 /* Products */,
			);
			sourceTree = "<group>";
		};
		817508E41B4DEB8C000FE658 /* Products */ = {
			isa = PBXGroup;
			children = (
				817508E31B4DEB8C000FE658 /* lesson11_notifications.app */,
				817508F81B4DEB8C000FE658 /* lesson11_notificationsTests.xctest */,
			);
			name = Products;
			sourceTree = "<group>";
		};
		817508E51B4DEB8C000FE658 /* lesson11_notifications */ = {
			isa = PBXGroup;
			children = (
				817508E81B4DEB8C000FE658 /* AppDelegate.swift */,
				817508EA1B4DEB8C000FE658 /* ViewController.swift */,
				817509081B4DEBB5000FE658 /* radioViewController.swift */,
				817508EC1B4DEB8C000FE658 /* Main.storyboard */,
				817508EF1B4DEB8C000FE658 /* Images.xcassets */,
				817508F11B4DEB8C000FE658 /* LaunchScreen.xib */,
				817508E61B4DEB8C000FE658 /* Supporting Files */,
			);
			path = lesson11_notifications;
			sourceTree = "<group>";
		};
		817508E61B4DEB8C000FE658 /* Supporting Files */ = {
			isa = PBXGroup;
			children = (
				817508E71B4DEB8C000FE658 /* Info.plist */,
			);
			name = "Supporting Files";
			sourceTree = "<group>";
		};
		817508FB1B4DEB8C000FE658 /* lesson11_notificationsTests */ = {
			isa = PBXGroup;
			children = (
				817508FE1B4DEB8C000FE658 /* lesson11_notificationsTests.swift */,
				817508FC1B4DEB8C000FE658 /* Supporting Files */,
			);
			path = lesson11_notificationsTests;
			sourceTree = "<group>";
		};
		817508FC1B4DEB8C000FE658 /* Supporting Files */ = {
			isa = PBXGroup;
			children = (
				817508FD1B4DEB8C000FE658 /* Info.plist */,
			);
			name = "Supporting Files";
			sourceTree = "<group>";
		};
/* End PBXGroup section */

/* Begin PBXNativeTarget section */
		817508E21B4DEB8C000FE658 /* lesson11_notifications */ = {
			isa = PBXNativeTarget;
			buildConfigurationList = 817509021B4DEB8C000FE658 /* Build configuration list for PBXNativeTarget "lesson11_notifications" */;
			buildPhases = (
				817508DF1B4DEB8C000FE658 /* Sources */,
				817508E01B4DEB8C000FE658 /* Frameworks */,
				817508E11B4DEB8C000FE658 /* Resources */,
			);
			buildRules = (
			);
			dependencies = (
			);
			name = lesson11_notifications;
			productName = lesson11_notifications;
			productReference = 817508E31B4DEB8C000FE658 /* lesson11_notifications.app */;
			productType = "com.apple.product-type.application";
		};
		817508F71B4DEB8C000FE658 /* lesson11_notificationsTests */ = {
			isa = PBXNativeTarget;
			buildConfigurationList = 817509051B4DEB8C000FE658 /* Build configuration list for PBXNativeTarget "lesson11_notificationsTests" */;
			buildPhases = (
				817508F41B4DEB8C000FE658 /* Sources */,
				817508F51B4DEB8C000FE658 /* Frameworks */,
				817508F61B4DEB8C000FE658 /* Resources */,
			);
			buildRules = (
			);
			dependencies = (
				817508FA1B4DEB8C000FE658 /* PBXTargetDependency */,
			);
			name = lesson11_notificationsTests;
			productName = lesson11_notificationsTests;
			productReference = 817508F81B4DEB8C000FE658 /* lesson11_notificationsTests.xctest */;
			productType = "com.apple.product-type.bundle.unit-test";
		};
/* End PBXNativeTarget section */

/* Begin PBXProject section */
		817508DB1B4DEB8B000FE658 /* Project object */ = {
			isa = PBXProject;
			attributes = {
				LastUpgradeCheck = 0630;
				ORGANIZATIONNAME = aheckman;
				TargetAttributes = {
					817508E21B4DEB8C000FE658 = {
						CreatedOnToolsVersion = 6.3.2;
					};
					817508F71B4DEB8C000FE658 = {
						CreatedOnToolsVersion = 6.3.2;
						TestTargetID = 817508E21B4DEB8C000FE658;
					};
				};
			};
			buildConfigurationList = 817508DE1B4DEB8B000FE658 /* Build configuration list for PBXProject "lesson11_notifications" */;
			compatibilityVersion = "Xcode 3.2";
			developmentRegion = English;
			hasScannedForEncodings = 0;
			knownRegions = (
				en,
				Base,
			);
			mainGroup = 817508DA1B4DEB8B000FE658;
			productRefGroup = 817508E41B4DEB8C000FE658 /* Products */;
			projectDirPath = "";
			projectRoot = "";
			targets = (
				817508E21B4DEB8C000FE658 /* lesson11_notifications */,
				817508F71B4DEB8C000FE658 /* lesson11_notificationsTests */,
			);
		};
/* End PBXProject section */

/* Begin PBXResourcesBuildPhase section */
		817508E11B4DEB8C000FE658 /* Resources */ = {
			isa = PBXResourcesBuildPhase;
			buildActionMask = 2147483647;
			files = (
				817508EE1B4DEB8C000FE658 /* Main.storyboard in Resources */,
				817508F31B4DEB8C000FE658 /* LaunchScreen.xib in Resources */,
				817508F01B4DEB8C000FE658 /* Images.xcassets in Resources */,
			);
			runOnlyForDeploymentPostprocessing = 0;
		};
		817508F61B4DEB8C000FE658 /* Resources */ = {
			isa = PBXResourcesBuildPhase;
			buildActionMask = 2147483647;
			files = (
			);
			runOnlyForDeploymentPostprocessing = 0;
		};
/* End PBXResourcesBuildPhase section */

/* Begin PBXSourcesBuildPhase section */
		817508DF1B4DEB8C000FE658 /* Sources */ = {
			isa = PBXSourcesBuildPhase;
			buildActionMask = 2147483647;
			files = (
				817508EB1B4DEB8C000FE658 /* ViewController.swift in Sources */,
				817509091B4DEBB5000FE658 /* radioViewController.swift in Sources */,
				817508E91B4DEB8C000FE658 /* AppDelegate.swift in Sources */,
			);
			runOnlyForDeploymentPostprocessing = 0;
		};
		817508F41B4DEB8C000FE658 /* Sources */ = {
			isa = PBXSourcesBuildPhase;
			buildActionMask = 2147483647;
			files = (
				817508FF1B4DEB8C000FE658 /* lesson11_notificationsTests.swift in Sources */,
			);
			runOnlyForDeploymentPostprocessing = 0;
		};
/* End PBXSourcesBuildPhase section */

/* Begin PBXTargetDependency section */
		817508FA1B4DEB8C000FE658 /* PBXTargetDependency */ = {
			isa = PBXTargetDependency;
			target = 817508E21B4DEB8C000FE658 /* lesson11_notifications */;
			targetProxy = 817508F91B4DEB8C000FE658 /* PBXContainerItemProxy */;
		};
/* End PBXTargetDependency section */

/* Begin PBXVariantGroup section */
		817508EC1B4DEB8C000FE658 /* Main.storyboard */ = {
			isa = PBXVariantGroup;
			children = (
				817508ED1B4DEB8C000FE658 /* Base */,
			);
			name = Main.storyboard;
			sourceTree = "<group>";
		};
		817508F11B4DEB8C000FE658 /* LaunchScreen.xib */ = {
			isa = PBXVariantGroup;
			children = (
				817508F21B4DEB8C000FE658 /* Base */,
			);
			name = LaunchScreen.xib;
			sourceTree = "<group>";
		};
/* End PBXVariantGroup section */

/* Begin XCBuildConfiguration section */
		817509001B4DEB8C000FE658 /* Debug */ = {
			isa = XCBuildConfiguration;
			buildSettings = {
				ALWAYS_SEARCH_USER_PATHS = NO;
				CLANG_CXX_LANGUAGE_STANDARD = "gnu++0x";
				CLANG_CXX_LIBRARY = "libc++";
				CLANG_ENABLE_MODULES = YES;
				CLANG_ENABLE_OBJC_ARC = YES;
				CLANG_WARN_BOOL_CONVERSION = YES;
				CLANG_WARN_CONSTANT_CONVERSION = YES;
				CLANG_WARN_DIRECT_OBJC_ISA_USAGE = YES_ERROR;
				CLANG_WARN_EMPTY_BODY = YES;
				CLANG_WARN_ENUM_CONVERSION = YES;
				CLANG_WARN_INT_CONVERSION = YES;
				CLANG_WARN_OBJC_ROOT_CLASS = YES_ERROR;
				CLANG_WARN_UNREACHABLE_CODE = YES;
				CLANG_WARN__DUPLICATE_METHOD_MATCH = YES;
				"CODE_SIGN_IDENTITY[sdk=iphoneos*]" = "iPhone Developer";
				COPY_PHASE_STRIP = NO;
				DEBUG_INFORMATION_FORMAT = "dwarf-with-dsym";
				ENABLE_STRICT_OBJC_MSGSEND = YES;
				GCC_C_LANGUAGE_STANDARD = gnu99;
				GCC_DYNAMIC_NO_PIC = NO;
				GCC_NO_COMMON_BLOCKS = YES;
				GCC_OPTIMIZATION_LEVEL = 0;
				GCC_PREPROCESSOR_DEFINITIONS = (
					"DEBUG=1",
					"$(inherited)",
				);
				GCC_SYMBOLS_PRIVATE_EXTERN = NO;
				GCC_WARN_64_TO_32_BIT_CONVERSION = YES;
				GCC_WARN_ABOUT_RETURN_TYPE = YES_ERROR;
				GCC_WARN_UNDECLARED_SELECTOR = YES;
				GCC_WARN_UNINITIALIZED_AUTOS = YES_AGGRESSIVE;
				GCC_WARN_UNUSED_FUNCTION = YES;
				GCC_WARN_UNUSED_VARIABLE = YES;
				IPHONEOS_DEPLOYMENT_TARGET = 8.3;
				MTL_ENABLE_DEBUG_INFO = YES;
				ONLY_ACTIVE_ARCH = YES;
				SDKROOT = iphoneos;
				SWIFT_OPTIMIZATION_LEVEL = "-Onone";
			};
			name = Debug;
		};
		817509011B4DEB8C000FE658 /* Release */ = {
			isa = XCBuildConfiguration;
			buildSettings = {
				ALWAYS_SEARCH_USER_PATHS = NO;
				CLANG_CXX_LANGUAGE_STANDARD = "gnu++0x";
				CLANG_CXX_LIBRARY = "libc++";
				CLANG_ENABLE_MODULES = YES;
				CLANG_ENABLE_OBJC_ARC = YES;
				CLANG_WARN_BOOL_CONVERSION = YES;
				CLANG_WARN_CONSTANT_CONVERSION = YES;
				CLANG_WARN_DIRECT_OBJC_ISA_USAGE = YES_ERROR;
				CLANG_WARN_EMPTY_BODY = YES;
				CLANG_WARN_ENUM_CONVERSION = YES;
				CLANG_WARN_INT_CONVERSION = YES;
				CLANG_WARN_OBJC_ROOT_CLASS = YES_ERROR;
				CLANG_WARN_UNREACHABLE_CODE = YES;
				CLANG_WARN__DUPLICATE_METHOD_MATCH = YES;
				"CODE_SIGN_IDENTITY[sdk=iphoneos*]" = "iPhone Developer";
				COPY_PHASE_STRIP = NO;
				DEBUG_INFORMATION_FORMAT = "dwarf-with-dsym";
				ENABLE_NS_ASSERTIONS = NO;
				ENABLE_STRICT_OBJC_MSGSEND = YES;
				GCC_C_LANGUAGE_STANDARD = gnu99;
				GCC_NO_COMMON_BLOCKS = YES;
				GCC_WARN_64_TO_32_BIT_CONVERSION = YES;
				GCC_WARN_ABOUT_RETURN_TYPE = YES_ERROR;
				GCC_WARN_UNDECLARED_SELECTOR = YES;
				GCC_WARN_UNINITIALIZED_AUTOS = YES_AGGRESSIVE;
				GCC_WARN_UNUSED_FUNCTION = YES;
				GCC_WARN_UNUSED_VARIABLE = YES;
				IPHONEOS_DEPLOYMENT_TARGET = 8.3;
				MTL_ENABLE_DEBUG_INFO = NO;
				SDKROOT = iphoneos;
				VALIDATE_PRODUCT = YES;
			};
			name = Release;
		};
		817509031B4DEB8C000FE658 /* Debug */ = {
			isa = XCBuildConfiguration;
			buildSettings = {
				ASSETCATALOG_COMPILER_APPICON_NAME = AppIcon;
				INFOPLIST_FILE = lesson11_notifications/Info.plist;
				LD_RUNPATH_SEARCH_PATHS = "$(inherited) @executable_path/Frameworks";
				PRODUCT_NAME = "$(TARGET_NAME)";
			};
			name = Debug;
		};
		817509041B4DEB8C000FE658 /* Release */ = {
			isa = XCBuildConfiguration;
			buildSettings = {
				ASSETCATALOG_COMPILER_APPICON_NAME = AppIcon;
				INFOPLIST_FILE = lesson11_notifications/Info.plist;
				LD_RUNPATH_SEARCH_PATHS = "$(inherited) @executable_path/Frameworks";
				PRODUCT_NAME = "$(TARGET_NAME)";
			};
			name = Release;
		};
		817509061B4DEB8C000FE658 /* Debug */ = {
			isa = XCBuildConfiguration;
			buildSettings = {
				BUNDLE_LOADER = "$(TEST_HOST)";
				FRAMEWORK_SEARCH_PATHS = (
					"$(SDKROOT)/Developer/Library/Frameworks",
					"$(inherited)",
				);
				GCC_PREPROCESSOR_DEFINITIONS = (
					"DEBUG=1",
					"$(inherited)",
				);
				INFOPLIST_FILE = lesson11_notificationsTests/Info.plist;
				LD_RUNPATH_SEARCH_PATHS = "$(inherited) @executable_path/Frameworks @loader_path/Frameworks";
				PRODUCT_NAME = "$(TARGET_NAME)";
				TEST_HOST = "$(BUILT_PRODUCTS_DIR)/lesson11_notifications.app/lesson11_notifications";
			};
			name = Debug;
		};
		817509071B4DEB8C000FE658 /* Release */ = {
			isa = XCBuildConfiguration;
			buildSettings = {
				BUNDLE_LOADER = "$(TEST_HOST)";
				FRAMEWORK_SEARCH_PATHS = (
					"$(SDKROOT)/Developer/Library/Frameworks",
					"$(inherited)",
				);
				INFOPLIST_FILE = lesson11_notificationsTests/Info.plist;
				LD_RUNPATH_SEARCH_PATHS = "$(inherited) @executable_path/Frameworks @loader_path/Frameworks";
				PRODUCT_NAME = "$(TARGET_NAME)";
				TEST_HOST = "$(BUILT_PRODUCTS_DIR)/lesson11_notifications.app/lesson11_notifications";
			};
			name = Release;
		};
/* End XCBuildConfiguration section */

/* Begin XCConfigurationList section */
		817508DE1B4DEB8B000FE658 /* Build configuration list for PBXProject "lesson11_notifications" */ = {
			isa = XCConfigurationList;
			buildConfigurations = (
				817509001B4DEB8C000FE658 /* Debug */,
				817509011B4DEB8C000FE658 /* Release */,
			);
			defaultConfigurationIsVisible = 0;
			defaultConfigurationName = Release;
		};
		817509021B4DEB8C000FE658 /* Build configuration list for PBXNativeTarget "lesson11_notifications" */ = {
			isa = XCConfigurationList;
			buildConfigurations = (
				817509031B4DEB8C000FE658 /* Debug */,
				817509041B4DEB8C000FE658 /* Release */,
			);
			defaultConfigurationIsVisible = 0;
		};
		817509051B4DEB8C000FE658 /* Build configuration list for PBXNativeTarget "lesson11_notificationsTests" */ = {
			isa = XCConfigurationList;
			buildConfigurations = (
				817509061B4DEB8C000FE658 /* Debug */,
				817509071B4DEB8C000FE658 /* Release */,
			);
			defaultConfigurationIsVisible = 0;
		};
/* End XCConfigurationList section */
	};
	rootObject = 817508DB1B4DEB8B000FE658 /* Project object */;
}
