// !$*UTF8*$!
{
	archiveVersion = 1;
	classes = {
	};
	objectVersion = 46;
	objects = {

/* Begin PBXBuildFile section */
		8178779C1B266268008F789C /* AppDelegate.swift in Sources */ = {isa = PBXBuildFile; fileRef = 8178779B1B266268008F789C /* AppDelegate.swift */; };
		8178779E1B266268008F789C /* ViewController.swift in Sources */ = {isa = PBXBuildFile; fileRef = 8178779D1B266268008F789C /* ViewController.swift */; };
		817877A11B266268008F789C /* Main.storyboard in Resources */ = {isa = PBXBuildFile; fileRef = 8178779F1B266268008F789C /* Main.storyboard */; };
		817877A31B266268008F789C /* Images.xcassets in Resources */ = {isa = PBXBuildFile; fileRef = 817877A21B266268008F789C /* Images.xcassets */; };
		817877A61B266268008F789C /* LaunchScreen.xib in Resources */ = {isa = PBXBuildFile; fileRef = 817877A41B266268008F789C /* LaunchScreen.xib */; };
		817877B21B266268008F789C /* Lesson2ExampleTests.swift in Sources */ = {isa = PBXBuildFile; fileRef = 817877B11B266268008F789C /* Lesson2ExampleTests.swift */; };
		817877BC1B2667BD008F789C /* image.png in Resources */ = {isa = PBXBuildFile; fileRef = 817877BB1B2667BD008F789C /* image.png */; };
/* End PBXBuildFile section */

/* Begin PBXContainerItemProxy section */
		817877AC1B266268008F789C /* PBXContainerItemProxy */ = {
			isa = PBXContainerItemProxy;
			containerPortal = 8178778E1B266268008F789C /* Project object */;
			proxyType = 1;
			remoteGlobalIDString = 817877951B266268008F789C;
			remoteInfo = Lesson2Example;
		};
/* End PBXContainerItemProxy section */

/* Begin PBXFileReference section */
		817877961B266268008F789C /* Lesson2Example.app */ = {isa = PBXFileReference; explicitFileType = wrapper.application; includeInIndex = 0; path = Lesson2Example.app; sourceTree = BUILT_PRODUCTS_DIR; };
		8178779A1B266268008F789C /* Info.plist */ = {isa = PBXFileReference; lastKnownFileType = text.plist.xml; path = Info.plist; sourceTree = "<group>"; };
		8178779B1B266268008F789C /* AppDelegate.swift */ = {isa = PBXFileReference; lastKnownFileType = sourcecode.swift; path = AppDelegate.swift; sourceTree = "<group>"; };
		8178779D1B266268008F789C /* ViewController.swift */ = {isa = PBXFileReference; lastKnownFileType = sourcecode.swift; path = ViewController.swift; sourceTree = "<group>"; };
		817877A01B266268008F789C /* Base */ = {isa = PBXFileReference; lastKnownFileType = file.storyboard; name = Base; path = Base.lproj/Main.storyboard; sourceTree = "<group>"; };
		817877A21B266268008F789C /* Images.xcassets */ = {isa = PBXFileReference; lastKnownFileType = folder.assetcatalog; path = Images.xcassets; sourceTree = "<group>"; };
		817877A51B266268008F789C /* Base */ = {isa = PBXFileReference; lastKnownFileType = file.xib; name = Base; path = Base.lproj/LaunchScreen.xib; sourceTree = "<group>"; };
		817877AB1B266268008F789C /* Lesson2ExampleTests.xctest */ = {isa = PBXFileReference; explicitFileType = wrapper.cfbundle; includeInIndex = 0; path = Lesson2ExampleTests.xctest; sourceTree = BUILT_PRODUCTS_DIR; };
		817877B01B266268008F789C /* Info.plist */ = {isa = PBXFileReference; lastKnownFileType = text.plist.xml; path = Info.plist; sourceTree = "<group>"; };
		817877B11B266268008F789C /* Lesson2ExampleTests.swift */ = {isa = PBXFileReference; lastKnownFileType = sourcecode.swift; path = Lesson2ExampleTests.swift; sourceTree = "<group>"; };
		817877BB1B2667BD008F789C /* image.png */ = {isa = PBXFileReference; lastKnownFileType = image.png; name = image.png; path = ../../../../../../image.png; sourceTree = "<group>"; };
/* End PBXFileReference section */

/* Begin PBXFrameworksBuildPhase section */
		817877931B266268008F789C /* Frameworks */ = {
			isa = PBXFrameworksBuildPhase;
			buildActionMask = 2147483647;
			files = (
			);
			runOnlyForDeploymentPostprocessing = 0;
		};
		817877A81B266268008F789C /* Frameworks */ = {
			isa = PBXFrameworksBuildPhase;
			buildActionMask = 2147483647;
			files = (
			);
			runOnlyForDeploymentPostprocessing = 0;
		};
/* End PBXFrameworksBuildPhase section */

/* Begin PBXGroup section */
		8178778D1B266268008F789C = {
			isa = PBXGroup;
			children = (
				817877981B266268008F789C /* Lesson2Example */,
				817877AE1B266268008F789C /* Lesson2ExampleTests */,
				817877971B266268008F789C /* Products */,
			);
			sourceTree = "<group>";
		};
		817877971B266268008F789C /* Products */ = {
			isa = PBXGroup;
			children = (
				817877961B266268008F789C /* Lesson2Example.app */,
				817877AB1B266268008F789C /* Lesson2ExampleTests.xctest */,
			);
			name = Products;
			sourceTree = "<group>";
		};
		817877981B266268008F789C /* Lesson2Example */ = {
			isa = PBXGroup;
			children = (
				8178779B1B266268008F789C /* AppDelegate.swift */,
				8178779D1B266268008F789C /* ViewController.swift */,
				8178779F1B266268008F789C /* Main.storyboard */,
				817877BB1B2667BD008F789C /* image.png */,
				817877A21B266268008F789C /* Images.xcassets */,
				817877A41B266268008F789C /* LaunchScreen.xib */,
				817877991B266268008F789C /* Supporting Files */,
			);
			path = Lesson2Example;
			sourceTree = "<group>";
		};
		817877991B266268008F789C /* Supporting Files */ = {
			isa = PBXGroup;
			children = (
				8178779A1B266268008F789C /* Info.plist */,
			);
			name = "Supporting Files";
			sourceTree = "<group>";
		};
		817877AE1B266268008F789C /* Lesson2ExampleTests */ = {
			isa = PBXGroup;
			children = (
				817877B11B266268008F789C /* Lesson2ExampleTests.swift */,
				817877AF1B266268008F789C /* Supporting Files */,
			);
			path = Lesson2ExampleTests;
			sourceTree = "<group>";
		};
		817877AF1B266268008F789C /* Supporting Files */ = {
			isa = PBXGroup;
			children = (
				817877B01B266268008F789C /* Info.plist */,
			);
			name = "Supporting Files";
			sourceTree = "<group>";
		};
/* End PBXGroup section */

/* Begin PBXNativeTarget section */
		817877951B266268008F789C /* Lesson2Example */ = {
			isa = PBXNativeTarget;
			buildConfigurationList = 817877B51B266268008F789C /* Build configuration list for PBXNativeTarget "Lesson2Example" */;
			buildPhases = (
				817877921B266268008F789C /* Sources */,
				817877931B266268008F789C /* Frameworks */,
				817877941B266268008F789C /* Resources */,
			);
			buildRules = (
			);
			dependencies = (
			);
			name = Lesson2Example;
			productName = Lesson2Example;
			productReference = 817877961B266268008F789C /* Lesson2Example.app */;
			productType = "com.apple.product-type.application";
		};
		817877AA1B266268008F789C /* Lesson2ExampleTests */ = {
			isa = PBXNativeTarget;
			buildConfigurationList = 817877B81B266268008F789C /* Build configuration list for PBXNativeTarget "Lesson2ExampleTests" */;
			buildPhases = (
				817877A71B266268008F789C /* Sources */,
				817877A81B266268008F789C /* Frameworks */,
				817877A91B266268008F789C /* Resources */,
			);
			buildRules = (
			);
			dependencies = (
				817877AD1B266268008F789C /* PBXTargetDependency */,
			);
			name = Lesson2ExampleTests;
			productName = Lesson2ExampleTests;
			productReference = 817877AB1B266268008F789C /* Lesson2ExampleTests.xctest */;
			productType = "com.apple.product-type.bundle.unit-test";
		};
/* End PBXNativeTarget section */

/* Begin PBXProject section */
		8178778E1B266268008F789C /* Project object */ = {
			isa = PBXProject;
			attributes = {
				LastUpgradeCheck = 0630;
				ORGANIZATIONNAME = aheckman;
				TargetAttributes = {
					817877951B266268008F789C = {
						CreatedOnToolsVersion = 6.3.2;
					};
					817877AA1B266268008F789C = {
						CreatedOnToolsVersion = 6.3.2;
						TestTargetID = 817877951B266268008F789C;
					};
				};
			};
			buildConfigurationList = 817877911B266268008F789C /* Build configuration list for PBXProject "Lesson2Example" */;
			compatibilityVersion = "Xcode 3.2";
			developmentRegion = English;
			hasScannedForEncodings = 0;
			knownRegions = (
				en,
				Base,
			);
			mainGroup = 8178778D1B266268008F789C;
			productRefGroup = 817877971B266268008F789C /* Products */;
			projectDirPath = "";
			projectRoot = "";
			targets = (
				817877951B266268008F789C /* Lesson2Example */,
				817877AA1B266268008F789C /* Lesson2ExampleTests */,
			);
		};
/* End PBXProject section */

/* Begin PBXResourcesBuildPhase section */
		817877941B266268008F789C /* Resources */ = {
			isa = PBXResourcesBuildPhase;
			buildActionMask = 2147483647;
			files = (
				817877A11B266268008F789C /* Main.storyboard in Resources */,
				817877A61B266268008F789C /* LaunchScreen.xib in Resources */,
				817877BC1B2667BD008F789C /* image.png in Resources */,
				817877A31B266268008F789C /* Images.xcassets in Resources */,
			);
			runOnlyForDeploymentPostprocessing = 0;
		};
		817877A91B266268008F789C /* Resources */ = {
			isa = PBXResourcesBuildPhase;
			buildActionMask = 2147483647;
			files = (
			);
			runOnlyForDeploymentPostprocessing = 0;
		};
/* End PBXResourcesBuildPhase section */

/* Begin PBXSourcesBuildPhase section */
		817877921B266268008F789C /* Sources */ = {
			isa = PBXSourcesBuildPhase;
			buildActionMask = 2147483647;
			files = (
				8178779E1B266268008F789C /* ViewController.swift in Sources */,
				8178779C1B266268008F789C /* AppDelegate.swift in Sources */,
			);
			runOnlyForDeploymentPostprocessing = 0;
		};
		817877A71B266268008F789C /* Sources */ = {
			isa = PBXSourcesBuildPhase;
			buildActionMask = 2147483647;
			files = (
				817877B21B266268008F789C /* Lesson2ExampleTests.swift in Sources */,
			);
			runOnlyForDeploymentPostprocessing = 0;
		};
/* End PBXSourcesBuildPhase section */

/* Begin PBXTargetDependency section */
		817877AD1B266268008F789C /* PBXTargetDependency */ = {
			isa = PBXTargetDependency;
			target = 817877951B266268008F789C /* Lesson2Example */;
			targetProxy = 817877AC1B266268008F789C /* PBXContainerItemProxy */;
		};
/* End PBXTargetDependency section */

/* Begin PBXVariantGroup section */
		8178779F1B266268008F789C /* Main.storyboard */ = {
			isa = PBXVariantGroup;
			children = (
				817877A01B266268008F789C /* Base */,
			);
			name = Main.storyboard;
			sourceTree = "<group>";
		};
		817877A41B266268008F789C /* LaunchScreen.xib */ = {
			isa = PBXVariantGroup;
			children = (
				817877A51B266268008F789C /* Base */,
			);
			name = LaunchScreen.xib;
			sourceTree = "<group>";
		};
/* End PBXVariantGroup section */

/* Begin XCBuildConfiguration section */
		817877B31B266268008F789C /* Debug */ = {
			isa = XCBuildConfiguration;
			buildSettings = {
				ALWAYS_SEARCH_USER_PATHS = NO;
				CLANG_CXX_LANGUAGE_STANDARD = "gnu++0x";
				CLANG_CXX_LIBRARY = "libc++";
				CLANG_ENABLE_MODULES = YES;
				CLANG_ENABLE_OBJC_ARC = YES;
				CLANG_WARN_BOOL_CONVERSION = YES;
				CLANG_WARN_CONSTANT_CONVERSION = YES;
				CLANG_WARN_DIRECT_OBJC_ISA_USAGE = YES_ERROR;
				CLANG_WARN_EMPTY_BODY = YES;
				CLANG_WARN_ENUM_CONVERSION = YES;
				CLANG_WARN_INT_CONVERSION = YES;
				CLANG_WARN_OBJC_ROOT_CLASS = YES_ERROR;
				CLANG_WARN_UNREACHABLE_CODE = YES;
				CLANG_WARN__DUPLICATE_METHOD_MATCH = YES;
				"CODE_SIGN_IDENTITY[sdk=iphoneos*]" = "iPhone Developer";
				COPY_PHASE_STRIP = NO;
				DEBUG_INFORMATION_FORMAT = "dwarf-with-dsym";
				ENABLE_STRICT_OBJC_MSGSEND = YES;
				GCC_C_LANGUAGE_STANDARD = gnu99;
				GCC_DYNAMIC_NO_PIC = NO;
				GCC_NO_COMMON_BLOCKS = YES;
				GCC_OPTIMIZATION_LEVEL = 0;
				GCC_PREPROCESSOR_DEFINITIONS = (
					"DEBUG=1",
					"$(inherited)",
				);
				GCC_SYMBOLS_PRIVATE_EXTERN = NO;
				GCC_WARN_64_TO_32_BIT_CONVERSION = YES;
				GCC_WARN_ABOUT_RETURN_TYPE = YES_ERROR;
				GCC_WARN_UNDECLARED_SELECTOR = YES;
				GCC_WARN_UNINITIALIZED_AUTOS = YES_AGGRESSIVE;
				GCC_WARN_UNUSED_FUNCTION = YES;
				GCC_WARN_UNUSED_VARIABLE = YES;
				IPHONEOS_DEPLOYMENT_TARGET = 8.3;
				MTL_ENABLE_DEBUG_INFO = YES;
				ONLY_ACTIVE_ARCH = YES;
				SDKROOT = iphoneos;
				SWIFT_OPTIMIZATION_LEVEL = "-Onone";
			};
			name = Debug;
		};
		817877B41B266268008F789C /* Release */ = {
			isa = XCBuildConfiguration;
			buildSettings = {
				ALWAYS_SEARCH_USER_PATHS = NO;
				CLANG_CXX_LANGUAGE_STANDARD = "gnu++0x";
				CLANG_CXX_LIBRARY = "libc++";
				CLANG_ENABLE_MODULES = YES;
				CLANG_ENABLE_OBJC_ARC = YES;
				CLANG_WARN_BOOL_CONVERSION = YES;
				CLANG_WARN_CONSTANT_CONVERSION = YES;
				CLANG_WARN_DIRECT_OBJC_ISA_USAGE = YES_ERROR;
				CLANG_WARN_EMPTY_BODY = YES;
				CLANG_WARN_ENUM_CONVERSION = YES;
				CLANG_WARN_INT_CONVERSION = YES;
				CLANG_WARN_OBJC_ROOT_CLASS = YES_ERROR;
				CLANG_WARN_UNREACHABLE_CODE = YES;
				CLANG_WARN__DUPLICATE_METHOD_MATCH = YES;
				"CODE_SIGN_IDENTITY[sdk=iphoneos*]" = "iPhone Developer";
				COPY_PHASE_STRIP = NO;
				DEBUG_INFORMATION_FORMAT = "dwarf-with-dsym";
				ENABLE_NS_ASSERTIONS = NO;
				ENABLE_STRICT_OBJC_MSGSEND = YES;
				GCC_C_LANGUAGE_STANDARD = gnu99;
				GCC_NO_COMMON_BLOCKS = YES;
				GCC_WARN_64_TO_32_BIT_CONVERSION = YES;
				GCC_WARN_ABOUT_RETURN_TYPE = YES_ERROR;
				GCC_WARN_UNDECLARED_SELECTOR = YES;
				GCC_WARN_UNINITIALIZED_AUTOS = YES_AGGRESSIVE;
				GCC_WARN_UNUSED_FUNCTION = YES;
				GCC_WARN_UNUSED_VARIABLE = YES;
				IPHONEOS_DEPLOYMENT_TARGET = 8.3;
				MTL_ENABLE_DEBUG_INFO = NO;
				SDKROOT = iphoneos;
				VALIDATE_PRODUCT = YES;
			};
			name = Release;
		};
		817877B61B266268008F789C /* Debug */ = {
			isa = XCBuildConfiguration;
			buildSettings = {
				ASSETCATALOG_COMPILER_APPICON_NAME = AppIcon;
				INFOPLIST_FILE = Lesson2Example/Info.plist;
				LD_RUNPATH_SEARCH_PATHS = "$(inherited) @executable_path/Frameworks";
				PRODUCT_NAME = "$(TARGET_NAME)";
			};
			name = Debug;
		};
		817877B71B266268008F789C /* Release */ = {
			isa = XCBuildConfiguration;
			buildSettings = {
				ASSETCATALOG_COMPILER_APPICON_NAME = AppIcon;
				INFOPLIST_FILE = Lesson2Example/Info.plist;
				LD_RUNPATH_SEARCH_PATHS = "$(inherited) @executable_path/Frameworks";
				PRODUCT_NAME = "$(TARGET_NAME)";
			};
			name = Release;
		};
		817877B91B266268008F789C /* Debug */ = {
			isa = XCBuildConfiguration;
			buildSettings = {
				BUNDLE_LOADER = "$(TEST_HOST)";
				FRAMEWORK_SEARCH_PATHS = (
					"$(SDKROOT)/Developer/Library/Frameworks",
					"$(inherited)",
				);
				GCC_PREPROCESSOR_DEFINITIONS = (
					"DEBUG=1",
					"$(inherited)",
				);
				INFOPLIST_FILE = Lesson2ExampleTests/Info.plist;
				LD_RUNPATH_SEARCH_PATHS = "$(inherited) @executable_path/Frameworks @loader_path/Frameworks";
				PRODUCT_NAME = "$(TARGET_NAME)";
				TEST_HOST = "$(BUILT_PRODUCTS_DIR)/Lesson2Example.app/Lesson2Example";
			};
			name = Debug;
		};
		817877BA1B266268008F789C /* Release */ = {
			isa = XCBuildConfiguration;
			buildSettings = {
				BUNDLE_LOADER = "$(TEST_HOST)";
				FRAMEWORK_SEARCH_PATHS = (
					"$(SDKROOT)/Developer/Library/Frameworks",
					"$(inherited)",
				);
				INFOPLIST_FILE = Lesson2ExampleTests/Info.plist;
				LD_RUNPATH_SEARCH_PATHS = "$(inherited) @executable_path/Frameworks @loader_path/Frameworks";
				PRODUCT_NAME = "$(TARGET_NAME)";
				TEST_HOST = "$(BUILT_PRODUCTS_DIR)/Lesson2Example.app/Lesson2Example";
			};
			name = Release;
		};
/* End XCBuildConfiguration section */

/* Begin XCConfigurationList section */
		817877911B266268008F789C /* Build configuration list for PBXProject "Lesson2Example" */ = {
			isa = XCConfigurationList;
			buildConfigurations = (
				817877B31B266268008F789C /* Debug */,
				817877B41B266268008F789C /* Release */,
			);
			defaultConfigurationIsVisible = 0;
			defaultConfigurationName = Release;
		};
		817877B51B266268008F789C /* Build configuration list for PBXNativeTarget "Lesson2Example" */ = {
			isa = XCConfigurationList;
			buildConfigurations = (
				817877B61B266268008F789C /* Debug */,
				817877B71B266268008F789C /* Release */,
			);
			defaultConfigurationIsVisible = 0;
		};
		817877B81B266268008F789C /* Build configuration list for PBXNativeTarget "Lesson2ExampleTests" */ = {
			isa = XCConfigurationList;
			buildConfigurations = (
				817877B91B266268008F789C /* Debug */,
				817877BA1B266268008F789C /* Release */,
			);
			defaultConfigurationIsVisible = 0;
		};
/* End XCConfigurationList section */
	};
	rootObject = 8178778E1B266268008F789C /* Project object */;
}
