// !$*UTF8*$!
{
	archiveVersion = 1;
	classes = {
	};
	objectVersion = 46;
	objects = {

/* Begin PBXBuildFile section */
		81EEA0541B5BEA3F004DABD7 /* AppDelegate.swift in Sources */ = {isa = PBXBuildFile; fileRef = 81EEA0531B5BEA3F004DABD7 /* AppDelegate.swift */; };
		81EEA0561B5BEA3F004DABD7 /* ViewController.swift in Sources */ = {isa = PBXBuildFile; fileRef = 81EEA0551B5BEA3F004DABD7 /* ViewController.swift */; };
		81EEA0591B5BEA3F004DABD7 /* Main.storyboard in Resources */ = {isa = PBXBuildFile; fileRef = 81EEA0571B5BEA3F004DABD7 /* Main.storyboard */; };
		81EEA05B1B5BEA3F004DABD7 /* Images.xcassets in Resources */ = {isa = PBXBuildFile; fileRef = 81EEA05A1B5BEA3F004DABD7 /* Images.xcassets */; };
		81EEA05E1B5BEA3F004DABD7 /* LaunchScreen.xib in Resources */ = {isa = PBXBuildFile; fileRef = 81EEA05C1B5BEA3F004DABD7 /* LaunchScreen.xib */; };
		81EEA06A1B5BEA3F004DABD7 /* calculator_2Tests.swift in Sources */ = {isa = PBXBuildFile; fileRef = 81EEA0691B5BEA3F004DABD7 /* calculator_2Tests.swift */; };
/* End PBXBuildFile section */

/* Begin PBXContainerItemProxy section */
		81EEA0641B5BEA3F004DABD7 /* PBXContainerItemProxy */ = {
			isa = PBXContainerItemProxy;
			containerPortal = 81EEA0461B5BEA3F004DABD7 /* Project object */;
			proxyType = 1;
			remoteGlobalIDString = 81EEA04D1B5BEA3F004DABD7;
			remoteInfo = calculator_2;
		};
/* End PBXContainerItemProxy section */

/* Begin PBXFileReference section */
		81EEA04E1B5BEA3F004DABD7 /* calculator_2.app */ = {isa = PBXFileReference; explicitFileType = wrapper.application; includeInIndex = 0; path = calculator_2.app; sourceTree = BUILT_PRODUCTS_DIR; };
		81EEA0521B5BEA3F004DABD7 /* Info.plist */ = {isa = PBXFileReference; lastKnownFileType = text.plist.xml; path = Info.plist; sourceTree = "<group>"; };
		81EEA0531B5BEA3F004DABD7 /* AppDelegate.swift */ = {isa = PBXFileReference; lastKnownFileType = sourcecode.swift; path = AppDelegate.swift; sourceTree = "<group>"; };
		81EEA0551B5BEA3F004DABD7 /* ViewController.swift */ = {isa = PBXFileReference; lastKnownFileType = sourcecode.swift; path = ViewController.swift; sourceTree = "<group>"; };
		81EEA0581B5BEA3F004DABD7 /* Base */ = {isa = PBXFileReference; lastKnownFileType = file.storyboard; name = Base; path = Base.lproj/Main.storyboard; sourceTree = "<group>"; };
		81EEA05A1B5BEA3F004DABD7 /* Images.xcassets */ = {isa = PBXFileReference; lastKnownFileType = folder.assetcatalog; path = Images.xcassets; sourceTree = "<group>"; };
		81EEA05D1B5BEA3F004DABD7 /* Base */ = {isa = PBXFileReference; lastKnownFileType = file.xib; name = Base; path = Base.lproj/LaunchScreen.xib; sourceTree = "<group>"; };
		81EEA0631B5BEA3F004DABD7 /* calculator_2Tests.xctest */ = {isa = PBXFileReference; explicitFileType = wrapper.cfbundle; includeInIndex = 0; path = calculator_2Tests.xctest; sourceTree = BUILT_PRODUCTS_DIR; };
		81EEA0681B5BEA3F004DABD7 /* Info.plist */ = {isa = PBXFileReference; lastKnownFileType = text.plist.xml; path = Info.plist; sourceTree = "<group>"; };
		81EEA0691B5BEA3F004DABD7 /* calculator_2Tests.swift */ = {isa = PBXFileReference; lastKnownFileType = sourcecode.swift; path = calculator_2Tests.swift; sourceTree = "<group>"; };
/* End PBXFileReference section */

/* Begin PBXFrameworksBuildPhase section */
		81EEA04B1B5BEA3F004DABD7 /* Frameworks */ = {
			isa = PBXFrameworksBuildPhase;
			buildActionMask = 2147483647;
			files = (
			);
			runOnlyForDeploymentPostprocessing = 0;
		};
		81EEA0601B5BEA3F004DABD7 /* Frameworks */ = {
			isa = PBXFrameworksBuildPhase;
			buildActionMask = 2147483647;
			files = (
			);
			runOnlyForDeploymentPostprocessing = 0;
		};
/* End PBXFrameworksBuildPhase section */

/* Begin PBXGroup section */
		81EEA0451B5BEA3F004DABD7 = {
			isa = PBXGroup;
			children = (
				81EEA0501B5BEA3F004DABD7 /* calculator_2 */,
				81EEA0661B5BEA3F004DABD7 /* calculator_2Tests */,
				81EEA04F1B5BEA3F004DABD7 /* Products */,
			);
			sourceTree = "<group>";
		};
		81EEA04F1B5BEA3F004DABD7 /* Products */ = {
			isa = PBXGroup;
			children = (
				81EEA04E1B5BEA3F004DABD7 /* calculator_2.app */,
				81EEA0631B5BEA3F004DABD7 /* calculator_2Tests.xctest */,
			);
			name = Products;
			sourceTree = "<group>";
		};
		81EEA0501B5BEA3F004DABD7 /* calculator_2 */ = {
			isa = PBXGroup;
			children = (
				81EEA0531B5BEA3F004DABD7 /* AppDelegate.swift */,
				81EEA0551B5BEA3F004DABD7 /* ViewController.swift */,
				81EEA0571B5BEA3F004DABD7 /* Main.storyboard */,
				81EEA05A1B5BEA3F004DABD7 /* Images.xcassets */,
				81EEA05C1B5BEA3F004DABD7 /* LaunchScreen.xib */,
				81EEA0511B5BEA3F004DABD7 /* Supporting Files */,
			);
			path = calculator_2;
			sourceTree = "<group>";
		};
		81EEA0511B5BEA3F004DABD7 /* Supporting Files */ = {
			isa = PBXGroup;
			children = (
				81EEA0521B5BEA3F004DABD7 /* Info.plist */,
			);
			name = "Supporting Files";
			sourceTree = "<group>";
		};
		81EEA0661B5BEA3F004DABD7 /* calculator_2Tests */ = {
			isa = PBXGroup;
			children = (
				81EEA0691B5BEA3F004DABD7 /* calculator_2Tests.swift */,
				81EEA0671B5BEA3F004DABD7 /* Supporting Files */,
			);
			path = calculator_2Tests;
			sourceTree = "<group>";
		};
		81EEA0671B5BEA3F004DABD7 /* Supporting Files */ = {
			isa = PBXGroup;
			children = (
				81EEA0681B5BEA3F004DABD7 /* Info.plist */,
			);
			name = "Supporting Files";
			sourceTree = "<group>";
		};
/* End PBXGroup section */

/* Begin PBXNativeTarget section */
		81EEA04D1B5BEA3F004DABD7 /* calculator_2 */ = {
			isa = PBXNativeTarget;
			buildConfigurationList = 81EEA06D1B5BEA3F004DABD7 /* Build configuration list for PBXNativeTarget "calculator_2" */;
			buildPhases = (
				81EEA04A1B5BEA3F004DABD7 /* Sources */,
				81EEA04B1B5BEA3F004DABD7 /* Frameworks */,
				81EEA04C1B5BEA3F004DABD7 /* Resources */,
			);
			buildRules = (
			);
			dependencies = (
			);
			name = calculator_2;
			productName = calculator_2;
			productReference = 81EEA04E1B5BEA3F004DABD7 /* calculator_2.app */;
			productType = "com.apple.product-type.application";
		};
		81EEA0621B5BEA3F004DABD7 /* calculator_2Tests */ = {
			isa = PBXNativeTarget;
			buildConfigurationList = 81EEA0701B5BEA3F004DABD7 /* Build configuration list for PBXNativeTarget "calculator_2Tests" */;
			buildPhases = (
				81EEA05F1B5BEA3F004DABD7 /* Sources */,
				81EEA0601B5BEA3F004DABD7 /* Frameworks */,
				81EEA0611B5BEA3F004DABD7 /* Resources */,
			);
			buildRules = (
			);
			dependencies = (
				81EEA0651B5BEA3F004DABD7 /* PBXTargetDependency */,
			);
			name = calculator_2Tests;
			productName = calculator_2Tests;
			productReference = 81EEA0631B5BEA3F004DABD7 /* calculator_2Tests.xctest */;
			productType = "com.apple.product-type.bundle.unit-test";
		};
/* End PBXNativeTarget section */

/* Begin PBXProject section */
		81EEA0461B5BEA3F004DABD7 /* Project object */ = {
			isa = PBXProject;
			attributes = {
				LastUpgradeCheck = 0630;
				ORGANIZATIONNAME = aheckman;
				TargetAttributes = {
					81EEA04D1B5BEA3F004DABD7 = {
						CreatedOnToolsVersion = 6.3.2;
					};
					81EEA0621B5BEA3F004DABD7 = {
						CreatedOnToolsVersion = 6.3.2;
						TestTargetID = 81EEA04D1B5BEA3F004DABD7;
					};
				};
			};
			buildConfigurationList = 81EEA0491B5BEA3F004DABD7 /* Build configuration list for PBXProject "calculator_2" */;
			compatibilityVersion = "Xcode 3.2";
			developmentRegion = English;
			hasScannedForEncodings = 0;
			knownRegions = (
				en,
				Base,
			);
			mainGroup = 81EEA0451B5BEA3F004DABD7;
			productRefGroup = 81EEA04F1B5BEA3F004DABD7 /* Products */;
			projectDirPath = "";
			projectRoot = "";
			targets = (
				81EEA04D1B5BEA3F004DABD7 /* calculator_2 */,
				81EEA0621B5BEA3F004DABD7 /* calculator_2Tests */,
			);
		};
/* End PBXProject section */

/* Begin PBXResourcesBuildPhase section */
		81EEA04C1B5BEA3F004DABD7 /* Resources */ = {
			isa = PBXResourcesBuildPhase;
			buildActionMask = 2147483647;
			files = (
				81EEA0591B5BEA3F004DABD7 /* Main.storyboard in Resources */,
				81EEA05E1B5BEA3F004DABD7 /* LaunchScreen.xib in Resources */,
				81EEA05B1B5BEA3F004DABD7 /* Images.xcassets in Resources */,
			);
			runOnlyForDeploymentPostprocessing = 0;
		};
		81EEA0611B5BEA3F004DABD7 /* Resources */ = {
			isa = PBXResourcesBuildPhase;
			buildActionMask = 2147483647;
			files = (
			);
			runOnlyForDeploymentPostprocessing = 0;
		};
/* End PBXResourcesBuildPhase section */

/* Begin PBXSourcesBuildPhase section */
		81EEA04A1B5BEA3F004DABD7 /* Sources */ = {
			isa = PBXSourcesBuildPhase;
			buildActionMask = 2147483647;
			files = (
				81EEA0561B5BEA3F004DABD7 /* ViewController.swift in Sources */,
				81EEA0541B5BEA3F004DABD7 /* AppDelegate.swift in Sources */,
			);
			runOnlyForDeploymentPostprocessing = 0;
		};
		81EEA05F1B5BEA3F004DABD7 /* Sources */ = {
			isa = PBXSourcesBuildPhase;
			buildActionMask = 2147483647;
			files = (
				81EEA06A1B5BEA3F004DABD7 /* calculator_2Tests.swift in Sources */,
			);
			runOnlyForDeploymentPostprocessing = 0;
		};
/* End PBXSourcesBuildPhase section */

/* Begin PBXTargetDependency section */
		81EEA0651B5BEA3F004DABD7 /* PBXTargetDependency */ = {
			isa = PBXTargetDependency;
			target = 81EEA04D1B5BEA3F004DABD7 /* calculator_2 */;
			targetProxy = 81EEA0641B5BEA3F004DABD7 /* PBXContainerItemProxy */;
		};
/* End PBXTargetDependency section */

/* Begin PBXVariantGroup section */
		81EEA0571B5BEA3F004DABD7 /* Main.storyboard */ = {
			isa = PBXVariantGroup;
			children = (
				81EEA0581B5BEA3F004DABD7 /* Base */,
			);
			name = Main.storyboard;
			sourceTree = "<group>";
		};
		81EEA05C1B5BEA3F004DABD7 /* LaunchScreen.xib */ = {
			isa = PBXVariantGroup;
			children = (
				81EEA05D1B5BEA3F004DABD7 /* Base */,
			);
			name = LaunchScreen.xib;
			sourceTree = "<group>";
		};
/* End PBXVariantGroup section */

/* Begin XCBuildConfiguration section */
		81EEA06B1B5BEA3F004DABD7 /* Debug */ = {
			isa = XCBuildConfiguration;
			buildSettings = {
				ALWAYS_SEARCH_USER_PATHS = NO;
				CLANG_CXX_LANGUAGE_STANDARD = "gnu++0x";
				CLANG_CXX_LIBRARY = "libc++";
				CLANG_ENABLE_MODULES = YES;
				CLANG_ENABLE_OBJC_ARC = YES;
				CLANG_WARN_BOOL_CONVERSION = YES;
				CLANG_WARN_CONSTANT_CONVERSION = YES;
				CLANG_WARN_DIRECT_OBJC_ISA_USAGE = YES_ERROR;
				CLANG_WARN_EMPTY_BODY = YES;
				CLANG_WARN_ENUM_CONVERSION = YES;
				CLANG_WARN_INT_CONVERSION = YES;
				CLANG_WARN_OBJC_ROOT_CLASS = YES_ERROR;
				CLANG_WARN_UNREACHABLE_CODE = YES;
				CLANG_WARN__DUPLICATE_METHOD_MATCH = YES;
				"CODE_SIGN_IDENTITY[sdk=iphoneos*]" = "iPhone Developer";
				COPY_PHASE_STRIP = NO;
				DEBUG_INFORMATION_FORMAT = "dwarf-with-dsym";
				ENABLE_STRICT_OBJC_MSGSEND = YES;
				GCC_C_LANGUAGE_STANDARD = gnu99;
				GCC_DYNAMIC_NO_PIC = NO;
				GCC_NO_COMMON_BLOCKS = YES;
				GCC_OPTIMIZATION_LEVEL = 0;
				GCC_PREPROCESSOR_DEFINITIONS = (
					"DEBUG=1",
					"$(inherited)",
				);
				GCC_SYMBOLS_PRIVATE_EXTERN = NO;
				GCC_WARN_64_TO_32_BIT_CONVERSION = YES;
				GCC_WARN_ABOUT_RETURN_TYPE = YES_ERROR;
				GCC_WARN_UNDECLARED_SELECTOR = YES;
				GCC_WARN_UNINITIALIZED_AUTOS = YES_AGGRESSIVE;
				GCC_WARN_UNUSED_FUNCTION = YES;
				GCC_WARN_UNUSED_VARIABLE = YES;
				IPHONEOS_DEPLOYMENT_TARGET = 8.3;
				MTL_ENABLE_DEBUG_INFO = YES;
				ONLY_ACTIVE_ARCH = YES;
				SDKROOT = iphoneos;
				SWIFT_OPTIMIZATION_LEVEL = "-Onone";
			};
			name = Debug;
		};
		81EEA06C1B5BEA3F004DABD7 /* Release */ = {
			isa = XCBuildConfiguration;
			buildSettings = {
				ALWAYS_SEARCH_USER_PATHS = NO;
				CLANG_CXX_LANGUAGE_STANDARD = "gnu++0x";
				CLANG_CXX_LIBRARY = "libc++";
				CLANG_ENABLE_MODULES = YES;
				CLANG_ENABLE_OBJC_ARC = YES;
				CLANG_WARN_BOOL_CONVERSION = YES;
				CLANG_WARN_CONSTANT_CONVERSION = YES;
				CLANG_WARN_DIRECT_OBJC_ISA_USAGE = YES_ERROR;
				CLANG_WARN_EMPTY_BODY = YES;
				CLANG_WARN_ENUM_CONVERSION = YES;
				CLANG_WARN_INT_CONVERSION = YES;
				CLANG_WARN_OBJC_ROOT_CLASS = YES_ERROR;
				CLANG_WARN_UNREACHABLE_CODE = YES;
				CLANG_WARN__DUPLICATE_METHOD_MATCH = YES;
				"CODE_SIGN_IDENTITY[sdk=iphoneos*]" = "iPhone Developer";
				COPY_PHASE_STRIP = NO;
				DEBUG_INFORMATION_FORMAT = "dwarf-with-dsym";
				ENABLE_NS_ASSERTIONS = NO;
				ENABLE_STRICT_OBJC_MSGSEND = YES;
				GCC_C_LANGUAGE_STANDARD = gnu99;
				GCC_NO_COMMON_BLOCKS = YES;
				GCC_WARN_64_TO_32_BIT_CONVERSION = YES;
				GCC_WARN_ABOUT_RETURN_TYPE = YES_ERROR;
				GCC_WARN_UNDECLARED_SELECTOR = YES;
				GCC_WARN_UNINITIALIZED_AUTOS = YES_AGGRESSIVE;
				GCC_WARN_UNUSED_FUNCTION = YES;
				GCC_WARN_UNUSED_VARIABLE = YES;
				IPHONEOS_DEPLOYMENT_TARGET = 8.3;
				MTL_ENABLE_DEBUG_INFO = NO;
				SDKROOT = iphoneos;
				VALIDATE_PRODUCT = YES;
			};
			name = Release;
		};
		81EEA06E1B5BEA3F004DABD7 /* Debug */ = {
			isa = XCBuildConfiguration;
			buildSettings = {
				ASSETCATALOG_COMPILER_APPICON_NAME = AppIcon;
				INFOPLIST_FILE = calculator_2/Info.plist;
				LD_RUNPATH_SEARCH_PATHS = "$(inherited) @executable_path/Frameworks";
				PRODUCT_NAME = "$(TARGET_NAME)";
			};
			name = Debug;
		};
		81EEA06F1B5BEA3F004DABD7 /* Release */ = {
			isa = XCBuildConfiguration;
			buildSettings = {
				ASSETCATALOG_COMPILER_APPICON_NAME = AppIcon;
				INFOPLIST_FILE = calculator_2/Info.plist;
				LD_RUNPATH_SEARCH_PATHS = "$(inherited) @executable_path/Frameworks";
				PRODUCT_NAME = "$(TARGET_NAME)";
			};
			name = Release;
		};
		81EEA0711B5BEA3F004DABD7 /* Debug */ = {
			isa = XCBuildConfiguration;
			buildSettings = {
				BUNDLE_LOADER = "$(TEST_HOST)";
				FRAMEWORK_SEARCH_PATHS = (
					"$(SDKROOT)/Developer/Library/Frameworks",
					"$(inherited)",
				);
				GCC_PREPROCESSOR_DEFINITIONS = (
					"DEBUG=1",
					"$(inherited)",
				);
				INFOPLIST_FILE = calculator_2Tests/Info.plist;
				LD_RUNPATH_SEARCH_PATHS = "$(inherited) @executable_path/Frameworks @loader_path/Frameworks";
				PRODUCT_NAME = "$(TARGET_NAME)";
				TEST_HOST = "$(BUILT_PRODUCTS_DIR)/calculator_2.app/calculator_2";
			};
			name = Debug;
		};
		81EEA0721B5BEA3F004DABD7 /* Release */ = {
			isa = XCBuildConfiguration;
			buildSettings = {
				BUNDLE_LOADER = "$(TEST_HOST)";
				FRAMEWORK_SEARCH_PATHS = (
					"$(SDKROOT)/Developer/Library/Frameworks",
					"$(inherited)",
				);
				INFOPLIST_FILE = calculator_2Tests/Info.plist;
				LD_RUNPATH_SEARCH_PATHS = "$(inherited) @executable_path/Frameworks @loader_path/Frameworks";
				PRODUCT_NAME = "$(TARGET_NAME)";
				TEST_HOST = "$(BUILT_PRODUCTS_DIR)/calculator_2.app/calculator_2";
			};
			name = Release;
		};
/* End XCBuildConfiguration section */

/* Begin XCConfigurationList section */
		81EEA0491B5BEA3F004DABD7 /* Build configuration list for PBXProject "calculator_2" */ = {
			isa = XCConfigurationList;
			buildConfigurations = (
				81EEA06B1B5BEA3F004DABD7 /* Debug */,
				81EEA06C1B5BEA3F004DABD7 /* Release */,
			);
			defaultConfigurationIsVisible = 0;
			defaultConfigurationName = Release;
		};
		81EEA06D1B5BEA3F004DABD7 /* Build configuration list for PBXNativeTarget "calculator_2" */ = {
			isa = XCConfigurationList;
			buildConfigurations = (
				81EEA06E1B5BEA3F004DABD7 /* Debug */,
				81EEA06F1B5BEA3F004DABD7 /* Release */,
			);
			defaultConfigurationIsVisible = 0;
		};
		81EEA0701B5BEA3F004DABD7 /* Build configuration list for PBXNativeTarget "calculator_2Tests" */ = {
			isa = XCConfigurationList;
			buildConfigurations = (
				81EEA0711B5BEA3F004DABD7 /* Debug */,
				81EEA0721B5BEA3F004DABD7 /* Release */,
			);
			defaultConfigurationIsVisible = 0;
		};
/* End XCConfigurationList section */
	};
	rootObject = 81EEA0461B5BEA3F004DABD7 /* Project object */;
}
